
Microsoft Visual Studio Solution File, Format Version 12.00
# Visual Studio Version 17
VisualStudioVersion = 17.4.33213.308
MinimumVisualStudioVersion = 10.0.40219.1
Project("{8BC9CEB8-8B4A-11D0-8D11-00A0C91BC942}") = "FinalFunctions", "FinalFunctions.vcxproj", "{AC635965-5433-483F-949D-8E9AD5253DB9}"
EndProject
Global
	GlobalSection(SolutionConfigurationPlatforms) = preSolution
		Debug|x64 = Debug|x64
		Debug|x86 = Debug|x86
		Release|x64 = Release|x64
		Release|x86 = Release|x86
	EndGlobalSection
	GlobalSection(ProjectConfigurationPlatforms) = postSolution
		{AC635965-5433-483F-949D-8E9AD5253DB9}.Debug|x64.ActiveCfg = Debug|x64
		{AC635965-5433-483F-949D-8E9AD5253DB9}.Debug|x64.Build.0 = Debug|x64
		{AC635965-5433-483F-949D-8E9AD5253DB9}.Debug|x86.ActiveCfg = Debug|Win32
		{AC635965-5433-483F-949D-8E9AD5253DB9}.Debug|x86.Build.0 = Debug|Win32
		{AC635965-5433-483F-949D-8E9AD5253DB9}.Release|x64.ActiveCfg = Release|x64
		{AC635965-5433-483F-949D-8E9AD5253DB9}.Release|x64.Build.0 = Release|x64
		{AC635965-5433-483F-949D-8E9AD5253DB9}.Release|x86.ActiveCfg = Release|Win32
		{AC635965-5433-483F-949D-8E9AD5253DB9}.Release|x86.Build.0 = Release|Win32
	EndGlobalSection
	GlobalSection(SolutionProperties) = preSolution
		HideSolutionNode = FALSE
	EndGlobalSection
	GlobalSection(ExtensibilityGlobals) = postSolution
		SolutionGuid = {82AA7169-8CD6-4175-B163-91AD44DB36C5}
	EndGlobalSection
EndGlobal
